

Microsoft Visual Studio Solution File, Format Version 12.00
# Visual Studio Version 16
VisualStudioVersion = 16.0.29306.81
MinimumVisualStudioVersion = 10.0.40219.1
Project("{FAE04EC0-301F-11D3-BF4B-00C04F79EFBC}") = "Demo", "Demo\Demo.csproj", "{4249A7C2-6A76-477F-9003-6B9B51B88AC0}"
EndProject
Project("{FAE04EC0-301F-11D3-BF4B-00C04F79EFBC}") = "Core", "Core\Core.csproj", "{23797095-07F1-46F5-A314-374FFCC9F822}"
EndProject
Global
	GlobalSection(SolutionConfigurationPlatforms) = preSolution
		Debug|Any CPU = Debug|Any CPU
		Release|Any CPU = Release|Any CPU
	EndGlobalSection
	GlobalSection(ProjectConfigurationPlatforms) = postSolution
		{4249A7C2-6A76-477F-9003-6B9B51B88AC0}.Debug|Any CPU.ActiveCfg = Debug|Any CPU
		{4249A7C2-6A76-477F-9003-6B9B51B88AC0}.Debug|Any CPU.Build.0 = Debug|Any CPU
		{4249A7C2-6A76-477F-9003-6B9B51B88AC0}.Release|Any CPU.ActiveCfg = Release|Any CPU
		{4249A7C2-6A76-477F-9003-6B9B51B88AC0}.Release|Any CPU.Build.0 = Release|Any CPU
		{23797095-07F1-46F5-A314-374FFCC9F822}.Debug|Any CPU.ActiveCfg = Debug|Any CPU
		{23797095-07F1-46F5-A314-374FFCC9F822}.Debug|Any CPU.Build.0 = Debug|Any CPU
		{23797095-07F1-46F5-A314-374FFCC9F822}.Release|Any CPU.ActiveCfg = Release|Any CPU
		{23797095-07F1-46F5-A314-374FFCC9F822}.Release|Any CPU.Build.0 = Release|Any CPU
	EndGlobalSection
	GlobalSection(SolutionProperties) = preSolution
		HideSolutionNode = FALSE
	EndGlobalSection
	GlobalSection(ExtensibilityGlobals) = postSolution
		SolutionGuid = {B9C29B39-F849-479B-881D-FC4F925C3103}
	EndGlobalSection
EndGlobal
